
Microsoft Visual Studio Solution File, Format Version 12.00
# Visual Studio Version 17
VisualStudioVersion = 17.6.33712.159
MinimumVisualStudioVersion = 10.0.40219.1
Project("{FAE04EC0-301F-11D3-BF4B-00C04F79EFBC}") = "LazyLoadingInAspNetCoreWebApI", "LazyLoadingInAspNetCoreWebApI.csproj", "{3C713DF9-44ED-4F85-BC1C-EFED4F87AAD1}"
EndProject
Global
	GlobalSection(SolutionConfigurationPlatforms) = preSolution
		Debug|Any CPU = Debug|Any CPU
		Release|Any CPU = Release|Any CPU
	EndGlobalSection
	GlobalSection(ProjectConfigurationPlatforms) = postSolution
		{3C713DF9-44ED-4F85-BC1C-EFED4F87AAD1}.Debug|Any CPU.ActiveCfg = Debug|Any CPU
		{3C713DF9-44ED-4F85-BC1C-EFED4F87AAD1}.Debug|Any CPU.Build.0 = Debug|Any CPU
		{3C713DF9-44ED-4F85-BC1C-EFED4F87AAD1}.Release|Any CPU.ActiveCfg = Release|Any CPU
		{3C713DF9-44ED-4F85-BC1C-EFED4F87AAD1}.Release|Any CPU.Build.0 = Release|Any CPU
	EndGlobalSection
	GlobalSection(SolutionProperties) = preSolution
		HideSolutionNode = FALSE
	EndGlobalSection
	GlobalSection(ExtensibilityGlobals) = postSolution
		SolutionGuid = {FB7FCA91-8705-4BB3-8413-C874FBACCF0D}
	EndGlobalSection
EndGlobal
